
Microsoft Visual Studio Solution File, Format Version 12.00
# Visual Studio Version 16
VisualStudioVersion = 16.0.29215.179
MinimumVisualStudioVersion = 10.0.40219.1
Project("{FAE04EC0-301F-11D3-BF4B-00C04F79EFBC}") = "WpfMessenger", "WpfMessenger.csproj", "{1C7DEA4D-BB04-4499-9D35-5A7C36C23A6D}"
EndProject
Global
	GlobalSection(SolutionConfigurationPlatforms) = preSolution
		Debug|Any CPU = Debug|Any CPU
		Release|Any CPU = Release|Any CPU
	EndGlobalSection
	GlobalSection(ProjectConfigurationPlatforms) = postSolution
		{1C7DEA4D-BB04-4499-9D35-5A7C36C23A6D}.Debug|Any CPU.ActiveCfg = Debug|Any CPU
		{1C7DEA4D-BB04-4499-9D35-5A7C36C23A6D}.Debug|Any CPU.Build.0 = Debug|Any CPU
		{1C7DEA4D-BB04-4499-9D35-5A7C36C23A6D}.Release|Any CPU.ActiveCfg = Release|Any CPU
		{1C7DEA4D-BB04-4499-9D35-5A7C36C23A6D}.Release|Any CPU.Build.0 = Release|Any CPU
	EndGlobalSection
	GlobalSection(SolutionProperties) = preSolution
		HideSolutionNode = FALSE
	EndGlobalSection
	GlobalSection(ExtensibilityGlobals) = postSolution
		SolutionGuid = {CB0AB60D-7756-45B4-A9BA-219E71F3E6C8}
	EndGlobalSection
EndGlobal
